# This file is automatically @generated by Cargo.
# It is not intended for manual editing.
version = 4

[[package]]
name = "payya-adversarial"
version = "0.1.0"

[[package]]
name = "payya-agent"
version = "0.1.0"

[[package]]
name = "payya-asr"
version = "0.1.0"

[[package]]
name = "payya-audio-spectrogram"
version = "0.1.0"

[[package]]
name = "payya-autograd"
version = "0.1.0"

[[package]]
name = "payya-clip"
version = "0.1.0"

[[package]]
name = "payya-code-interpreter"
version = "0.1.0"

[[package]]
name = "payya-data-curation"
version = "0.1.0"

[[package]]
name = "payya-db-driver"
version = "0.1.0"

[[package]]
name = "payya-diffusion"
version = "0.1.0"

[[package]]
name = "payya-distillation"
version = "0.1.0"

[[package]]
name = "payya-distributed"
version = "0.1.0"

[[package]]
name = "payya-dpo"
version = "0.1.0"

[[package]]
name = "payya-embedding"
version = "0.1.0"

[[package]]
name = "payya-eval"
version = "0.1.0"

[[package]]
name = "payya-feature-store"
version = "0.1.0"

[[package]]
name = "payya-flash-attention"
version = "0.1.0"

[[package]]
name = "payya-function-call"
version = "0.1.0"

[[package]]
name = "payya-gateway"
version = "0.1.0"

[[package]]
name = "payya-graph-rag"
version = "0.1.0"

[[package]]
name = "payya-guardrails"
version = "0.1.0"

[[package]]
name = "payya-interpretability"
version = "0.1.0"

[[package]]
name = "payya-knowledge-graph"
version = "0.1.0"

[[package]]
name = "payya-kv-cache"
version = "0.1.0"

[[package]]
name = "payya-logit-processor"
version = "0.1.0"

[[package]]
name = "payya-lora"
version = "0.1.0"

[[package]]
name = "payya-matmul"
version = "0.1.0"

[[package]]
name = "payya-model-merger"
version = "0.1.0"

[[package]]
name = "payya-moe"
version = "0.1.0"

[[package]]
name = "payya-nas"
version = "0.1.0"

[[package]]
name = "payya-peft"
version = "0.1.0"

[[package]]
name = "payya-prompt-cache"
version = "0.1.0"

[[package]]
name = "payya-quantization"
version = "0.1.0"

[[package]]
name = "payya-rag"
version = "0.1.0"

[[package]]
name = "payya-reasoner"
version = "0.1.0"

[[package]]
name = "payya-recommendation"
version = "0.1.0"

[[package]]
name = "payya-rlhf"
version = "0.1.0"

[[package]]
name = "payya-semantic-router"
version = "0.1.0"

[[package]]
name = "payya-server"
version = "0.1.0"

[[package]]
name = "payya-slm"
version = "0.1.0"

[[package]]
name = "payya-softmax"
version = "0.1.0"

[[package]]
name = "payya-speculative"
version = "0.1.0"

[[package]]
name = "payya-ssm"
version = "0.1.0"

[[package]]
name = "payya-structured-output"
version = "0.1.0"

[[package]]
name = "payya-synthetic-data"
version = "0.1.0"

[[package]]
name = "payya-text-to-sql"
version = "0.1.0"

[[package]]
name = "payya-tokenizer"
version = "0.1.0"

[[package]]
name = "payya-transformer"
version = "0.1.0"

[[package]]
name = "payya-tts"
version = "0.1.0"

[[package]]
name = "payya-vector-db"
version = "0.1.0"

[[package]]
name = "payya-vit"
version = "0.1.0"
